# This file is generated by running "yarn install" inside your project.
# Manual changes might be lost - proceed with caution!

__metadata:
  version: 4
  cacheKey: 8

"fromentries@npm:^1.3.2":
  version: 1.3.2
  resolution: "fromentries@npm:1.3.2"
  checksum: 33729c529ce19f5494f846f0dd4945078f4e37f4e8955f4ae8cc7385c218f600e9d93a7d225d17636c20d1889106fd87061f911550861b7072f53bf891e6b341
  languageName: node
  linkType: hard

"husky@npm:^7.0.0":
  version: 7.0.1
  resolution: "husky@npm:7.0.1"
  bin:
    husky: lib/bin.js
  checksum: b2ea1460f1126ed7161779b1b89f7ec8ae66fb6723e0e9fd47c522f454f4a2ea7e31a21d6ce2eb5d32e9837d232fb0245783425c109df0adab53668f8c8d8fc8
  languageName: node
  linkType: hard

"pinst@npm:^2.0.0":
  version: 2.1.6
  resolution: "pinst@npm:2.1.6"
  dependencies:
    fromentries: ^1.3.2
  bin:
    pinst: bin.js
  checksum: 3644c352a7a956a0a299012609783456e055b2c4dab274bcbe8ea86d3347355a0552da31a7f3fb6ce91d6102f27b6dde64edd69c2cdaaeb811b87bf205655e36
  languageName: node
  linkType: hard

"rapide-structs@workspace:.":
  version: 0.0.0-use.local
  resolution: "rapide-structs@workspace:."
  dependencies:
    husky: ^7.0.0
    pinst: ^2.0.0
    typescript: ^4.3.5
  languageName: unknown
  linkType: soft

typescript@^4.3.5:
  version: 4.3.5
  resolution: "typescript@npm:4.3.5"
  bin:
    tsc: bin/tsc
    tsserver: bin/tsserver
  checksum: bab033b5e2b0790dd35b77fd005df976ef80b8d84fd2c6e63cc31808151875beae9216e5a315fe7068e8499905c3c354248fe83272cdfc13b7705635f0c66c97
  languageName: node
  linkType: hard

"typescript@patch:typescript@^4.3.5#~builtin<compat/typescript>":
  version: 4.3.5
  resolution: "typescript@patch:typescript@npm%3A4.3.5#~builtin<compat/typescript>::version=4.3.5&hash=d8b4e7"
  bin:
    tsc: bin/tsc
    tsserver: bin/tsserver
  checksum: bc2c4fdf0f1557fdafe4ef74848c72ebd9c8c60829568248f869121aea2bb20e16649a252431d0acb185ec118143be22bed73d08f64379557810d82756afedde
  languageName: node
  linkType: hard
